
Microsoft Visual Studio Solution File, Format Version 12.00
Project("{FAE04EC0-301F-11D3-BF4B-00C04F79EFBC}") = "PowerManager", "PowerManager\PowerManager.csproj", "{A51C6946-484A-42CA-8645-EE7C28C73780}"
EndProject
Global
	GlobalSection(SolutionConfigurationPlatforms) = preSolution
		Debug|Any CPU = Debug|Any CPU
		Release|Any CPU = Release|Any CPU
	EndGlobalSection
	GlobalSection(ProjectConfigurationPlatforms) = postSolution
		{A51C6946-484A-42CA-8645-EE7C28C73780}.Debug|Any CPU.ActiveCfg = Debug|Any CPU
		{A51C6946-484A-42CA-8645-EE7C28C73780}.Debug|Any CPU.Build.0 = Debug|Any CPU
		{A51C6946-484A-42CA-8645-EE7C28C73780}.Release|Any CPU.ActiveCfg = Release|Any CPU
		{A51C6946-484A-42CA-8645-EE7C28C73780}.Release|Any CPU.Build.0 = Release|Any CPU
	EndGlobalSection
EndGlobal
